// !$*UTF8*$!
{
	archiveVersion = 1;
	classes = {
	};
	objectVersion = 56;
	objects = {

/* Begin PBXBuildFile section */
		350CF24C2BAAF8D500F16C41 /* AppDelegate.swift in Sources */ = {isa = PBXBuildFile; fileRef = 350CF24B2BAAF8D500F16C41 /* AppDelegate.swift */; };
		350CF24E2BAAF8D500F16C41 /* SceneDelegate.swift in Sources */ = {isa = PBXBuildFile; fileRef = 350CF24D2BAAF8D500F16C41 /* SceneDelegate.swift */; };
		350CF2502BAAF8D500F16C41 /* MainViewController.swift in Sources */ = {isa = PBXBuildFile; fileRef = 350CF24F2BAAF8D500F16C41 /* MainViewController.swift */; };
		350CF2532BAAF8D500F16C41 /* Main.storyboard in Resources */ = {isa = PBXBuildFile; fileRef = 350CF2512BAAF8D500F16C41 /* Main.storyboard */; };
		350CF2552BAAF8D700F16C41 /* Assets.xcassets in Resources */ = {isa = PBXBuildFile; fileRef = 350CF2542BAAF8D700F16C41 /* Assets.xcassets */; };
		350CF2582BAAF8D700F16C41 /* LaunchScreen.storyboard in Resources */ = {isa = PBXBuildFile; fileRef = 350CF2562BAAF8D700F16C41 /* LaunchScreen.storyboard */; };
		350CF2622BAAF92100F16C41 /* Emoji.swift in Sources */ = {isa = PBXBuildFile; fileRef = 350CF2612BAAF92100F16C41 /* Emoji.swift */; };
		350CF2672BAAFA7300F16C41 /* EmojiNetworkManager.swift in Sources */ = {isa = PBXBuildFile; fileRef = 350CF2662BAAFA7300F16C41 /* EmojiNetworkManager.swift */; };
		350CF26D2BAB055F00F16C41 /* DetailsViewController.swift in Sources */ = {isa = PBXBuildFile; fileRef = 350CF26C2BAB055F00F16C41 /* DetailsViewController.swift */; };
		350CF26F2BAB057D00F16C41 /* DetailsViewModel.swift in Sources */ = {isa = PBXBuildFile; fileRef = 350CF26E2BAB057D00F16C41 /* DetailsViewModel.swift */; };
		350CF2722BAB125D00F16C41 /* SearchViewModel.swift in Sources */ = {isa = PBXBuildFile; fileRef = 350CF2712BAB125D00F16C41 /* SearchViewModel.swift */; };
		350CF2752BAB12F700F16C41 /* EmojiCell.swift in Sources */ = {isa = PBXBuildFile; fileRef = 350CF2742BAB12F700F16C41 /* EmojiCell.swift */; };
		35B65F962BAC0D53005CB652 /* MainViewModel.swift in Sources */ = {isa = PBXBuildFile; fileRef = 35B65F952BAC0D53005CB652 /* MainViewModel.swift */; };
		35B65F982BAC2049005CB652 /* Counter.swift in Sources */ = {isa = PBXBuildFile; fileRef = 35B65F972BAC2049005CB652 /* Counter.swift */; };
		35B65F9B2BAC43EA005CB652 /* FavoritesViewModel.swift in Sources */ = {isa = PBXBuildFile; fileRef = 35B65F9A2BAC43EA005CB652 /* FavoritesViewModel.swift */; };
		35B65F9D2BAC4712005CB652 /* FavoriteEmojiCoreDataManager.swift in Sources */ = {isa = PBXBuildFile; fileRef = 35B65F9C2BAC4712005CB652 /* FavoriteEmojiCoreDataManager.swift */; };
		35B65FA02BAC497C005CB652 /* CoreData.framework in Frameworks */ = {isa = PBXBuildFile; fileRef = 35B65F9F2BAC497C005CB652 /* CoreData.framework */; };
		35B65FA32BAC49BA005CB652 /* FavoriteEmojiModel.xcdatamodeld in Sources */ = {isa = PBXBuildFile; fileRef = 35B65FA12BAC49BA005CB652 /* FavoriteEmojiModel.xcdatamodeld */; };
/* End PBXBuildFile section */

/* Begin PBXFileReference section */
		350CF2482BAAF8D500F16C41 /* EmojiListApp.app */ = {isa = PBXFileReference; explicitFileType = wrapper.application; includeInIndex = 0; path = EmojiListApp.app; sourceTree = BUILT_PRODUCTS_DIR; };
		350CF24B2BAAF8D500F16C41 /* AppDelegate.swift */ = {isa = PBXFileReference; lastKnownFileType = sourcecode.swift; path = AppDelegate.swift; sourceTree = "<group>"; };
		350CF24D2BAAF8D500F16C41 /* SceneDelegate.swift */ = {isa = PBXFileReference; lastKnownFileType = sourcecode.swift; path = SceneDelegate.swift; sourceTree = "<group>"; };
		350CF24F2BAAF8D500F16C41 /* MainViewController.swift */ = {isa = PBXFileReference; lastKnownFileType = sourcecode.swift; path = MainViewController.swift; sourceTree = "<group>"; };
		350CF2522BAAF8D500F16C41 /* Base */ = {isa = PBXFileReference; lastKnownFileType = file.storyboard; name = Base; path = Base.lproj/Main.storyboard; sourceTree = "<group>"; };
		350CF2542BAAF8D700F16C41 /* Assets.xcassets */ = {isa = PBXFileReference; lastKnownFileType = folder.assetcatalog; path = Assets.xcassets; sourceTree = "<group>"; };
		350CF2572BAAF8D700F16C41 /* Base */ = {isa = PBXFileReference; lastKnownFileType = file.storyboard; name = Base; path = Base.lproj/LaunchScreen.storyboard; sourceTree = "<group>"; };
		350CF2592BAAF8D700F16C41 /* Info.plist */ = {isa = PBXFileReference; lastKnownFileType = text.plist.xml; path = Info.plist; sourceTree = "<group>"; };
		350CF2612BAAF92100F16C41 /* Emoji.swift */ = {isa = PBXFileReference; lastKnownFileType = sourcecode.swift; path = Emoji.swift; sourceTree = "<group>"; };
		350CF2662BAAFA7300F16C41 /* EmojiNetworkManager.swift */ = {isa = PBXFileReference; lastKnownFileType = sourcecode.swift; path = EmojiNetworkManager.swift; sourceTree = "<group>"; };
		350CF26C2BAB055F00F16C41 /* DetailsViewController.swift */ = {isa = PBXFileReference; lastKnownFileType = sourcecode.swift; path = DetailsViewController.swift; sourceTree = "<group>"; };
		350CF26E2BAB057D00F16C41 /* DetailsViewModel.swift */ = {isa = PBXFileReference; lastKnownFileType = sourcecode.swift; path = DetailsViewModel.swift; sourceTree = "<group>"; };
		350CF2712BAB125D00F16C41 /* SearchViewModel.swift */ = {isa = PBXFileReference; lastKnownFileType = sourcecode.swift; path = SearchViewModel.swift; sourceTree = "<group>"; };
		350CF2742BAB12F700F16C41 /* EmojiCell.swift */ = {isa = PBXFileReference; lastKnownFileType = sourcecode.swift; path = EmojiCell.swift; sourceTree = "<group>"; };
		35B65F952BAC0D53005CB652 /* MainViewModel.swift */ = {isa = PBXFileReference; lastKnownFileType = sourcecode.swift; path = MainViewModel.swift; sourceTree = "<group>"; };
		35B65F972BAC2049005CB652 /* Counter.swift */ = {isa = PBXFileReference; lastKnownFileType = sourcecode.swift; path = Counter.swift; sourceTree = "<group>"; };
		35B65F9A2BAC43EA005CB652 /* FavoritesViewModel.swift */ = {isa = PBXFileReference; lastKnownFileType = sourcecode.swift; path = FavoritesViewModel.swift; sourceTree = "<group>"; };
		35B65F9C2BAC4712005CB652 /* FavoriteEmojiCoreDataManager.swift */ = {isa = PBXFileReference; lastKnownFileType = sourcecode.swift; path = FavoriteEmojiCoreDataManager.swift; sourceTree = "<group>"; };
		35B65F9F2BAC497C005CB652 /* CoreData.framework */ = {isa = PBXFileReference; lastKnownFileType = wrapper.framework; name = CoreData.framework; path = System/Library/Frameworks/CoreData.framework; sourceTree = SDKROOT; };
		35B65FA22BAC49BA005CB652 /* FavoriteEmojiModel.xcdatamodel */ = {isa = PBXFileReference; lastKnownFileType = wrapper.xcdatamodel; path = FavoriteEmojiModel.xcdatamodel; sourceTree = "<group>"; };
/* End PBXFileReference section */

/* Begin PBXFrameworksBuildPhase section */
		350CF2452BAAF8D500F16C41 /* Frameworks */ = {
			isa = PBXFrameworksBuildPhase;
			buildActionMask = 2147483647;
			files = (
				35B65FA02BAC497C005CB652 /* CoreData.framework in Frameworks */,
			);
			runOnlyForDeploymentPostprocessing = 0;
		};
/* End PBXFrameworksBuildPhase section */

/* Begin PBXGroup section */
		350CF23F2BAAF8D500F16C41 = {
			isa = PBXGroup;
			children = (
				350CF24A2BAAF8D500F16C41 /* EmojiListApp */,
				350CF2492BAAF8D500F16C41 /* Products */,
				35B65F9E2BAC497C005CB652 /* Frameworks */,
			);
			sourceTree = "<group>";
		};
		350CF2492BAAF8D500F16C41 /* Products */ = {
			isa = PBXGroup;
			children = (
				350CF2482BAAF8D500F16C41 /* EmojiListApp.app */,
			);
			name = Products;
			sourceTree = "<group>";
		};
		350CF24A2BAAF8D500F16C41 /* EmojiListApp */ = {
			isa = PBXGroup;
			children = (
				350CF2682BAB04FD00F16C41 /* Modules */,
				350CF2652BAAFA4C00F16C41 /* Service */,
				350CF25F2BAAF90900F16C41 /* Models */,
				350CF24B2BAAF8D500F16C41 /* AppDelegate.swift */,
				350CF24D2BAAF8D500F16C41 /* SceneDelegate.swift */,
				350CF2512BAAF8D500F16C41 /* Main.storyboard */,
				350CF2542BAAF8D700F16C41 /* Assets.xcassets */,
				350CF2562BAAF8D700F16C41 /* LaunchScreen.storyboard */,
				350CF2592BAAF8D700F16C41 /* Info.plist */,
				35B65F972BAC2049005CB652 /* Counter.swift */,
			);
			path = EmojiListApp;
			sourceTree = "<group>";
		};
		350CF25F2BAAF90900F16C41 /* Models */ = {
			isa = PBXGroup;
			children = (
				350CF2612BAAF92100F16C41 /* Emoji.swift */,
			);
			path = Models;
			sourceTree = "<group>";
		};
		350CF2652BAAFA4C00F16C41 /* Service */ = {
			isa = PBXGroup;
			children = (
				350CF2662BAAFA7300F16C41 /* EmojiNetworkManager.swift */,
				35B65F9C2BAC4712005CB652 /* FavoriteEmojiCoreDataManager.swift */,
				35B65FA12BAC49BA005CB652 /* FavoriteEmojiModel.xcdatamodeld */,
			);
			path = Service;
			sourceTree = "<group>";
		};
		350CF2682BAB04FD00F16C41 /* Modules */ = {
			isa = PBXGroup;
			children = (
				35B65F992BAC43DB005CB652 /* Favorites */,
				350CF2732BAB12AC00F16C41 /* Main */,
				350CF2702BAB08A500F16C41 /* Search */,
				350CF26B2BAB054E00F16C41 /* Details */,
			);
			path = Modules;
			sourceTree = "<group>";
		};
		350CF26B2BAB054E00F16C41 /* Details */ = {
			isa = PBXGroup;
			children = (
				350CF26C2BAB055F00F16C41 /* DetailsViewController.swift */,
				350CF26E2BAB057D00F16C41 /* DetailsViewModel.swift */,
			);
			path = Details;
			sourceTree = "<group>";
		};
		350CF2702BAB08A500F16C41 /* Search */ = {
			isa = PBXGroup;
			children = (
				350CF2712BAB125D00F16C41 /* SearchViewModel.swift */,
			);
			path = Search;
			sourceTree = "<group>";
		};
		350CF2732BAB12AC00F16C41 /* Main */ = {
			isa = PBXGroup;
			children = (
				350CF24F2BAAF8D500F16C41 /* MainViewController.swift */,
				350CF2742BAB12F700F16C41 /* EmojiCell.swift */,
				35B65F952BAC0D53005CB652 /* MainViewModel.swift */,
			);
			path = Main;
			sourceTree = "<group>";
		};
		35B65F992BAC43DB005CB652 /* Favorites */ = {
			isa = PBXGroup;
			children = (
				35B65F9A2BAC43EA005CB652 /* FavoritesViewModel.swift */,
			);
			path = Favorites;
			sourceTree = "<group>";
		};
		35B65F9E2BAC497C005CB652 /* Frameworks */ = {
			isa = PBXGroup;
			children = (
				35B65F9F2BAC497C005CB652 /* CoreData.framework */,
			);
			name = Frameworks;
			sourceTree = "<group>";
		};
/* End PBXGroup section */

/* Begin PBXNativeTarget section */
		350CF2472BAAF8D500F16C41 /* EmojiListApp */ = {
			isa = PBXNativeTarget;
			buildConfigurationList = 350CF25C2BAAF8D700F16C41 /* Build configuration list for PBXNativeTarget "EmojiListApp" */;
			buildPhases = (
				350CF2442BAAF8D500F16C41 /* Sources */,
				350CF2452BAAF8D500F16C41 /* Frameworks */,
				350CF2462BAAF8D500F16C41 /* Resources */,
			);
			buildRules = (
			);
			dependencies = (
			);
			name = EmojiListApp;
			productName = EmojiListApp;
			productReference = 350CF2482BAAF8D500F16C41 /* EmojiListApp.app */;
			productType = "com.apple.product-type.application";
		};
/* End PBXNativeTarget section */

/* Begin PBXProject section */
		350CF2402BAAF8D500F16C41 /* Project object */ = {
			isa = PBXProject;
			attributes = {
				BuildIndependentTargetsInParallel = 1;
				LastSwiftUpdateCheck = 1520;
				LastUpgradeCheck = 1520;
				TargetAttributes = {
					350CF2472BAAF8D500F16C41 = {
						CreatedOnToolsVersion = 15.2;
					};
				};
			};
			buildConfigurationList = 350CF2432BAAF8D500F16C41 /* Build configuration list for PBXProject "EmojiListApp" */;
			compatibilityVersion = "Xcode 14.0";
			developmentRegion = en;
			hasScannedForEncodings = 0;
			knownRegions = (
				en,
				Base,
			);
			mainGroup = 350CF23F2BAAF8D500F16C41;
			productRefGroup = 350CF2492BAAF8D500F16C41 /* Products */;
			projectDirPath = "";
			projectRoot = "";
			targets = (
				350CF2472BAAF8D500F16C41 /* EmojiListApp */,
			);
		};
/* End PBXProject section */

/* Begin PBXResourcesBuildPhase section */
		350CF2462BAAF8D500F16C41 /* Resources */ = {
			isa = PBXResourcesBuildPhase;
			buildActionMask = 2147483647;
			files = (
				350CF2582BAAF8D700F16C41 /* LaunchScreen.storyboard in Resources */,
				350CF2552BAAF8D700F16C41 /* Assets.xcassets in Resources */,
				350CF2532BAAF8D500F16C41 /* Main.storyboard in Resources */,
			);
			runOnlyForDeploymentPostprocessing = 0;
		};
/* End PBXResourcesBuildPhase section */

/* Begin PBXSourcesBuildPhase section */
		350CF2442BAAF8D500F16C41 /* Sources */ = {
			isa = PBXSourcesBuildPhase;
			buildActionMask = 2147483647;
			files = (
				350CF2502BAAF8D500F16C41 /* MainViewController.swift in Sources */,
				35B65F9D2BAC4712005CB652 /* FavoriteEmojiCoreDataManager.swift in Sources */,
				350CF24C2BAAF8D500F16C41 /* AppDelegate.swift in Sources */,
				35B65F982BAC2049005CB652 /* Counter.swift in Sources */,
				350CF2722BAB125D00F16C41 /* SearchViewModel.swift in Sources */,
				350CF2622BAAF92100F16C41 /* Emoji.swift in Sources */,
				35B65FA32BAC49BA005CB652 /* FavoriteEmojiModel.xcdatamodeld in Sources */,
				350CF26F2BAB057D00F16C41 /* DetailsViewModel.swift in Sources */,
				35B65F9B2BAC43EA005CB652 /* FavoritesViewModel.swift in Sources */,
				35B65F962BAC0D53005CB652 /* MainViewModel.swift in Sources */,
				350CF26D2BAB055F00F16C41 /* DetailsViewController.swift in Sources */,
				350CF24E2BAAF8D500F16C41 /* SceneDelegate.swift in Sources */,
				350CF2752BAB12F700F16C41 /* EmojiCell.swift in Sources */,
				350CF2672BAAFA7300F16C41 /* EmojiNetworkManager.swift in Sources */,
			);
			runOnlyForDeploymentPostprocessing = 0;
		};
/* End PBXSourcesBuildPhase section */

/* Begin PBXVariantGroup section */
		350CF2512BAAF8D500F16C41 /* Main.storyboard */ = {
			isa = PBXVariantGroup;
			children = (
				350CF2522BAAF8D500F16C41 /* Base */,
			);
			name = Main.storyboard;
			sourceTree = "<group>";
		};
		350CF2562BAAF8D700F16C41 /* LaunchScreen.storyboard */ = {
			isa = PBXVariantGroup;
			children = (
				350CF2572BAAF8D700F16C41 /* Base */,
			);
			name = LaunchScreen.storyboard;
			sourceTree = "<group>";
		};
/* End PBXVariantGroup section */

/* Begin XCBuildConfiguration section */
		350CF25A2BAAF8D700F16C41 /* Debug */ = {
			isa = XCBuildConfiguration;
			buildSettings = {
				ALWAYS_SEARCH_USER_PATHS = NO;
				ASSETCATALOG_COMPILER_GENERATE_SWIFT_ASSET_SYMBOL_EXTENSIONS = YES;
				CLANG_ANALYZER_NONNULL = YES;
				CLANG_ANALYZER_NUMBER_OBJECT_CONVERSION = YES_AGGRESSIVE;
				CLANG_CXX_LANGUAGE_STANDARD = "gnu++20";
				CLANG_ENABLE_MODULES = YES;
				CLANG_ENABLE_OBJC_ARC = YES;
				CLANG_ENABLE_OBJC_WEAK = YES;
				CLANG_WARN_BLOCK_CAPTURE_AUTORELEASING = YES;
				CLANG_WARN_BOOL_CONVERSION = YES;
				CLANG_WARN_COMMA = YES;
				CLANG_WARN_CONSTANT_CONVERSION = YES;
				CLANG_WARN_DEPRECATED_OBJC_IMPLEMENTATIONS = YES;
				CLANG_WARN_DIRECT_OBJC_ISA_USAGE = YES_ERROR;
				CLANG_WARN_DOCUMENTATION_COMMENTS = YES;
				CLANG_WARN_EMPTY_BODY = YES;
				CLANG_WARN_ENUM_CONVERSION = YES;
				CLANG_WARN_INFINITE_RECURSION = YES;
				CLANG_WARN_INT_CONVERSION = YES;
				CLANG_WARN_NON_LITERAL_NULL_CONVERSION = YES;
				CLANG_WARN_OBJC_IMPLICIT_RETAIN_SELF = YES;
				CLANG_WARN_OBJC_LITERAL_CONVERSION = YES;
				CLANG_WARN_OBJC_ROOT_CLASS = YES_ERROR;
				CLANG_WARN_QUOTED_INCLUDE_IN_FRAMEWORK_HEADER = YES;
				CLANG_WARN_RANGE_LOOP_ANALYSIS = YES;
				CLANG_WARN_STRICT_PROTOTYPES = YES;
				CLANG_WARN_SUSPICIOUS_MOVE = YES;
				CLANG_WARN_UNGUARDED_AVAILABILITY = YES_AGGRESSIVE;
				CLANG_WARN_UNREACHABLE_CODE = YES;
				CLANG_WARN__DUPLICATE_METHOD_MATCH = YES;
				COPY_PHASE_STRIP = NO;
				DEBUG_INFORMATION_FORMAT = dwarf;
				ENABLE_STRICT_OBJC_MSGSEND = YES;
				ENABLE_TESTABILITY = YES;
				ENABLE_USER_SCRIPT_SANDBOXING = YES;
				GCC_C_LANGUAGE_STANDARD = gnu17;
				GCC_DYNAMIC_NO_PIC = NO;
				GCC_NO_COMMON_BLOCKS = YES;
				GCC_OPTIMIZATION_LEVEL = 0;
				GCC_PREPROCESSOR_DEFINITIONS = (
					"DEBUG=1",
					"$(inherited)",
				);
				GCC_WARN_64_TO_32_BIT_CONVERSION = YES;
				GCC_WARN_ABOUT_RETURN_TYPE = YES_ERROR;
				GCC_WARN_UNDECLARED_SELECTOR = YES;
				GCC_WARN_UNINITIALIZED_AUTOS = YES_AGGRESSIVE;
				GCC_WARN_UNUSED_FUNCTION = YES;
				GCC_WARN_UNUSED_VARIABLE = YES;
				IPHONEOS_DEPLOYMENT_TARGET = 17.2;
				LOCALIZATION_PREFERS_STRING_CATALOGS = YES;
				MTL_ENABLE_DEBUG_INFO = INCLUDE_SOURCE;
				MTL_FAST_MATH = YES;
				ONLY_ACTIVE_ARCH = YES;
				SDKROOT = iphoneos;
				SWIFT_ACTIVE_COMPILATION_CONDITIONS = "DEBUG $(inherited)";
				SWIFT_OPTIMIZATION_LEVEL = "-Onone";
			};
			name = Debug;
		};
		350CF25B2BAAF8D700F16C41 /* Release */ = {
			isa = XCBuildConfiguration;
			buildSettings = {
				ALWAYS_SEARCH_USER_PATHS = NO;
				ASSETCATALOG_COMPILER_GENERATE_SWIFT_ASSET_SYMBOL_EXTENSIONS = YES;
				CLANG_ANALYZER_NONNULL = YES;
				CLANG_ANALYZER_NUMBER_OBJECT_CONVERSION = YES_AGGRESSIVE;
				CLANG_CXX_LANGUAGE_STANDARD = "gnu++20";
				CLANG_ENABLE_MODULES = YES;
				CLANG_ENABLE_OBJC_ARC = YES;
				CLANG_ENABLE_OBJC_WEAK = YES;
				CLANG_WARN_BLOCK_CAPTURE_AUTORELEASING = YES;
				CLANG_WARN_BOOL_CONVERSION = YES;
				CLANG_WARN_COMMA = YES;
				CLANG_WARN_CONSTANT_CONVERSION = YES;
				CLANG_WARN_DEPRECATED_OBJC_IMPLEMENTATIONS = YES;
				CLANG_WARN_DIRECT_OBJC_ISA_USAGE = YES_ERROR;
				CLANG_WARN_DOCUMENTATION_COMMENTS = YES;
				CLANG_WARN_EMPTY_BODY = YES;
				CLANG_WARN_ENUM_CONVERSION = YES;
				CLANG_WARN_INFINITE_RECURSION = YES;
				CLANG_WARN_INT_CONVERSION = YES;
				CLANG_WARN_NON_LITERAL_NULL_CONVERSION = YES;
				CLANG_WARN_OBJC_IMPLICIT_RETAIN_SELF = YES;
				CLANG_WARN_OBJC_LITERAL_CONVERSION = YES;
				CLANG_WARN_OBJC_ROOT_CLASS = YES_ERROR;
				CLANG_WARN_QUOTED_INCLUDE_IN_FRAMEWORK_HEADER = YES;
				CLANG_WARN_RANGE_LOOP_ANALYSIS = YES;
				CLANG_WARN_STRICT_PROTOTYPES = YES;
				CLANG_WARN_SUSPICIOUS_MOVE = YES;
				CLANG_WARN_UNGUARDED_AVAILABILITY = YES_AGGRESSIVE;
				CLANG_WARN_UNREACHABLE_CODE = YES;
				CLANG_WARN__DUPLICATE_METHOD_MATCH = YES;
				COPY_PHASE_STRIP = NO;
				DEBUG_INFORMATION_FORMAT = "dwarf-with-dsym";
				ENABLE_NS_ASSERTIONS = NO;
				ENABLE_STRICT_OBJC_MSGSEND = YES;
				ENABLE_USER_SCRIPT_SANDBOXING = YES;
				GCC_C_LANGUAGE_STANDARD = gnu17;
				GCC_NO_COMMON_BLOCKS = YES;
				GCC_WARN_64_TO_32_BIT_CONVERSION = YES;
				GCC_WARN_ABOUT_RETURN_TYPE = YES_ERROR;
				GCC_WARN_UNDECLARED_SELECTOR = YES;
				GCC_WARN_UNINITIALIZED_AUTOS = YES_AGGRESSIVE;
				GCC_WARN_UNUSED_FUNCTION = YES;
				GCC_WARN_UNUSED_VARIABLE = YES;
				IPHONEOS_DEPLOYMENT_TARGET = 17.2;
				LOCALIZATION_PREFERS_STRING_CATALOGS = YES;
				MTL_ENABLE_DEBUG_INFO = NO;
				MTL_FAST_MATH = YES;
				SDKROOT = iphoneos;
				SWIFT_COMPILATION_MODE = wholemodule;
				VALIDATE_PRODUCT = YES;
			};
			name = Release;
		};
		350CF25D2BAAF8D700F16C41 /* Debug */ = {
			isa = XCBuildConfiguration;
			buildSettings = {
				ASSETCATALOG_COMPILER_APPICON_NAME = AppIcon;
				ASSETCATALOG_COMPILER_GLOBAL_ACCENT_COLOR_NAME = AccentColor;
				CODE_SIGN_STYLE = Automatic;
				CURRENT_PROJECT_VERSION = 1;
				DEVELOPMENT_TEAM = RP5XZC93SV;
				GENERATE_INFOPLIST_FILE = YES;
				INFOPLIST_FILE = EmojiListApp/Info.plist;
				INFOPLIST_KEY_UIApplicationSupportsIndirectInputEvents = YES;
				INFOPLIST_KEY_UILaunchStoryboardName = LaunchScreen;
				INFOPLIST_KEY_UIMainStoryboardFile = Main;
				INFOPLIST_KEY_UISupportedInterfaceOrientations_iPad = "UIInterfaceOrientationPortrait UIInterfaceOrientationPortraitUpsideDown UIInterfaceOrientationLandscapeLeft UIInterfaceOrientationLandscapeRight";
				INFOPLIST_KEY_UISupportedInterfaceOrientations_iPhone = "UIInterfaceOrientationPortrait UIInterfaceOrientationLandscapeLeft UIInterfaceOrientationLandscapeRight";
				LD_RUNPATH_SEARCH_PATHS = (
					"$(inherited)",
					"@executable_path/Frameworks",
				);
				MARKETING_VERSION = 1.0;
				PRODUCT_BUNDLE_IDENTIFIER = malicelebi.EmojiListApp;
				PRODUCT_NAME = "$(TARGET_NAME)";
				SWIFT_EMIT_LOC_STRINGS = YES;
				SWIFT_VERSION = 5.0;
				TARGETED_DEVICE_FAMILY = "1,2";
			};
			name = Debug;
		};
		350CF25E2BAAF8D700F16C41 /* Release */ = {
			isa = XCBuildConfiguration;
			buildSettings = {
				ASSETCATALOG_COMPILER_APPICON_NAME = AppIcon;
				ASSETCATALOG_COMPILER_GLOBAL_ACCENT_COLOR_NAME = AccentColor;
				CODE_SIGN_STYLE = Automatic;
				CURRENT_PROJECT_VERSION = 1;
				DEVELOPMENT_TEAM = RP5XZC93SV;
				GENERATE_INFOPLIST_FILE = YES;
				INFOPLIST_FILE = EmojiListApp/Info.plist;
				INFOPLIST_KEY_UIApplicationSupportsIndirectInputEvents = YES;
				INFOPLIST_KEY_UILaunchStoryboardName = LaunchScreen;
				INFOPLIST_KEY_UIMainStoryboardFile = Main;
				INFOPLIST_KEY_UISupportedInterfaceOrientations_iPad = "UIInterfaceOrientationPortrait UIInterfaceOrientationPortraitUpsideDown UIInterfaceOrientationLandscapeLeft UIInterfaceOrientationLandscapeRight";
				INFOPLIST_KEY_UISupportedInterfaceOrientations_iPhone = "UIInterfaceOrientationPortrait UIInterfaceOrientationLandscapeLeft UIInterfaceOrientationLandscapeRight";
				LD_RUNPATH_SEARCH_PATHS = (
					"$(inherited)",
					"@executable_path/Frameworks",
				);
				MARKETING_VERSION = 1.0;
				PRODUCT_BUNDLE_IDENTIFIER = malicelebi.EmojiListApp;
				PRODUCT_NAME = "$(TARGET_NAME)";
				SWIFT_EMIT_LOC_STRINGS = YES;
				SWIFT_VERSION = 5.0;
				TARGETED_DEVICE_FAMILY = "1,2";
			};
			name = Release;
		};
/* End XCBuildConfiguration section */

/* Begin XCConfigurationList section */
		350CF2432BAAF8D500F16C41 /* Build configuration list for PBXProject "EmojiListApp" */ = {
			isa = XCConfigurationList;
			buildConfigurations = (
				350CF25A2BAAF8D700F16C41 /* Debug */,
				350CF25B2BAAF8D700F16C41 /* Release */,
			);
			defaultConfigurationIsVisible = 0;
			defaultConfigurationName = Release;
		};
		350CF25C2BAAF8D700F16C41 /* Build configuration list for PBXNativeTarget "EmojiListApp" */ = {
			isa = XCConfigurationList;
			buildConfigurations = (
				350CF25D2BAAF8D700F16C41 /* Debug */,
				350CF25E2BAAF8D700F16C41 /* Release */,
			);
			defaultConfigurationIsVisible = 0;
			defaultConfigurationName = Release;
		};
/* End XCConfigurationList section */

/* Begin XCVersionGroup section */
		35B65FA12BAC49BA005CB652 /* FavoriteEmojiModel.xcdatamodeld */ = {
			isa = XCVersionGroup;
			children = (
				35B65FA22BAC49BA005CB652 /* FavoriteEmojiModel.xcdatamodel */,
			);
			currentVersion = 35B65FA22BAC49BA005CB652 /* FavoriteEmojiModel.xcdatamodel */;
			path = FavoriteEmojiModel.xcdatamodeld;
			sourceTree = "<group>";
			versionGroupType = wrapper.xcdatamodel;
		};
/* End XCVersionGroup section */
	};
	rootObject = 350CF2402BAAF8D500F16C41 /* Project object */;
}
